
Microsoft Visual Studio Solution File, Format Version 12.00
# Visual Studio Version 17
VisualStudioVersion = 17.14.36221.1 d17.14
MinimumVisualStudioVersion = 10.0.40219.1
Project("{FAE04EC0-301F-11D3-BF4B-00C04F79EFBC}") = "RestaurantManagementSystem", "RestaurantManagementSystem\RestaurantManagementSystem.csproj", "{CF070538-5DA4-44BF-82AA-19485162A58C}"
EndProject
Global
	GlobalSection(SolutionConfigurationPlatforms) = preSolution
		Debug|Any CPU = Debug|Any CPU
		Release|Any CPU = Release|Any CPU
	EndGlobalSection
	GlobalSection(ProjectConfigurationPlatforms) = postSolution
		{CF070538-5DA4-44BF-82AA-19485162A58C}.Debug|Any CPU.ActiveCfg = Debug|Any CPU
		{CF070538-5DA4-44BF-82AA-19485162A58C}.Debug|Any CPU.Build.0 = Debug|Any CPU
		{CF070538-5DA4-44BF-82AA-19485162A58C}.Release|Any CPU.ActiveCfg = Release|Any CPU
		{CF070538-5DA4-44BF-82AA-19485162A58C}.Release|Any CPU.Build.0 = Release|Any CPU
	EndGlobalSection
	GlobalSection(SolutionProperties) = preSolution
		HideSolutionNode = FALSE
	EndGlobalSection
	GlobalSection(ExtensibilityGlobals) = postSolution
		SolutionGuid = {0FB25B3E-3DF8-4583-8DED-D9067767E8D0}
	EndGlobalSection
EndGlobal
